
Microsoft Visual Studio Solution File, Format Version 12.00
# Visual Studio Version 17
VisualStudioVersion = 17.2.32519.379
MinimumVisualStudioVersion = 10.0.40219.1
Project("{9A19103F-16F7-4668-BE54-9A1E7A4F7556}") = "ShopTerminal", "ShopTerminal.csproj", "{76344A80-C2DC-40B6-BA31-CD8F38E3CBCB}"
EndProject
Global
	GlobalSection(SolutionConfigurationPlatforms) = preSolution
		Debug|Any CPU = Debug|Any CPU
		Release|Any CPU = Release|Any CPU
	EndGlobalSection
	GlobalSection(ProjectConfigurationPlatforms) = postSolution
		{76344A80-C2DC-40B6-BA31-CD8F38E3CBCB}.Debug|Any CPU.ActiveCfg = Debug|Any CPU
		{76344A80-C2DC-40B6-BA31-CD8F38E3CBCB}.Debug|Any CPU.Build.0 = Debug|Any CPU
		{76344A80-C2DC-40B6-BA31-CD8F38E3CBCB}.Release|Any CPU.ActiveCfg = Release|Any CPU
		{76344A80-C2DC-40B6-BA31-CD8F38E3CBCB}.Release|Any CPU.Build.0 = Release|Any CPU
	EndGlobalSection
	GlobalSection(SolutionProperties) = preSolution
		HideSolutionNode = FALSE
	EndGlobalSection
	GlobalSection(ExtensibilityGlobals) = postSolution
		SolutionGuid = {B3EB3BC6-6952-47CE-AFA6-EEACF8569E75}
	EndGlobalSection
EndGlobal
